// !$*UTF8*$!
{
	archiveVersion = 1;
	classes = {
	};
	objectVersion = 46;
	objects = {

/* Begin PBXBuildFile section */
		1BAA08BC201731AF00695356 /* AppDelegate.swift in Sources */ = {isa = PBXBuildFile; fileRef = 1BAA08BB201731AF00695356 /* AppDelegate.swift */; };
		1BAA08BE201731AF00695356 /* ViewController.swift in Sources */ = {isa = PBXBuildFile; fileRef = 1BAA08BD201731AF00695356 /* ViewController.swift */; };
		1BAA08C1201731AF00695356 /* Main.storyboard in Resources */ = {isa = PBXBuildFile; fileRef = 1BAA08BF201731AF00695356 /* Main.storyboard */; };
		1BAA08C3201731AF00695356 /* Assets.xcassets in Resources */ = {isa = PBXBuildFile; fileRef = 1BAA08C2201731AF00695356 /* Assets.xcassets */; };
		1BAA08C6201731AF00695356 /* LaunchScreen.storyboard in Resources */ = {isa = PBXBuildFile; fileRef = 1BAA08C4201731AF00695356 /* LaunchScreen.storyboard */; };
		1BAA08CE2017F86B00695356 /* imagesCollectionViewCell.swift in Sources */ = {isa = PBXBuildFile; fileRef = 1BAA08CD2017F86B00695356 /* imagesCollectionViewCell.swift */; };
/* End PBXBuildFile section */

/* Begin PBXFileReference section */
		1BAA08B8201731AF00695356 /* fotosApp.app */ = {isa = PBXFileReference; explicitFileType = wrapper.application; includeInIndex = 0; path = fotosApp.app; sourceTree = BUILT_PRODUCTS_DIR; };
		1BAA08BB201731AF00695356 /* AppDelegate.swift */ = {isa = PBXFileReference; lastKnownFileType = sourcecode.swift; path = AppDelegate.swift; sourceTree = "<group>"; };
		1BAA08BD201731AF00695356 /* ViewController.swift */ = {isa = PBXFileReference; lastKnownFileType = sourcecode.swift; path = ViewController.swift; sourceTree = "<group>"; };
		1BAA08C0201731AF00695356 /* Base */ = {isa = PBXFileReference; lastKnownFileType = file.storyboard; name = Base; path = Base.lproj/Main.storyboard; sourceTree = "<group>"; };
		1BAA08C2201731AF00695356 /* Assets.xcassets */ = {isa = PBXFileReference; lastKnownFileType = folder.assetcatalog; path = Assets.xcassets; sourceTree = "<group>"; };
		1BAA08C5201731AF00695356 /* Base */ = {isa = PBXFileReference; lastKnownFileType = file.storyboard; name = Base; path = Base.lproj/LaunchScreen.storyboard; sourceTree = "<group>"; };
		1BAA08C7201731AF00695356 /* Info.plist */ = {isa = PBXFileReference; lastKnownFileType = text.plist.xml; path = Info.plist; sourceTree = "<group>"; };
		1BAA08CD2017F86B00695356 /* imagesCollectionViewCell.swift */ = {isa = PBXFileReference; fileEncoding = 4; lastKnownFileType = sourcecode.swift; path = imagesCollectionViewCell.swift; sourceTree = "<group>"; };
/* End PBXFileReference section */

/* Begin PBXFrameworksBuildPhase section */
		1BAA08B5201731AF00695356 /* Frameworks */ = {
			isa = PBXFrameworksBuildPhase;
			buildActionMask = 2147483647;
			files = (
			);
			runOnlyForDeploymentPostprocessing = 0;
		};
/* End PBXFrameworksBuildPhase section */

/* Begin PBXGroup section */
		1BAA08AF201731AF00695356 = {
			isa = PBXGroup;
			children = (
				1BAA08BA201731AF00695356 /* fotosApp */,
				1BAA08B9201731AF00695356 /* Products */,
			);
			sourceTree = "<group>";
		};
		1BAA08B9201731AF00695356 /* Products */ = {
			isa = PBXGroup;
			children = (
				1BAA08B8201731AF00695356 /* fotosApp.app */,
			);
			name = Products;
			sourceTree = "<group>";
		};
		1BAA08BA201731AF00695356 /* fotosApp */ = {
			isa = PBXGroup;
			children = (
				1BAA08BB201731AF00695356 /* AppDelegate.swift */,
				1BAA08BD201731AF00695356 /* ViewController.swift */,
				1BAA08BF201731AF00695356 /* Main.storyboard */,
				1BAA08C2201731AF00695356 /* Assets.xcassets */,
				1BAA08C4201731AF00695356 /* LaunchScreen.storyboard */,
				1BAA08C7201731AF00695356 /* Info.plist */,
				1BAA08CD2017F86B00695356 /* imagesCollectionViewCell.swift */,
			);
			path = fotosApp;
			sourceTree = "<group>";
		};
/* End PBXGroup section */

/* Begin PBXNativeTarget section */
		1BAA08B7201731AF00695356 /* fotosApp */ = {
			isa = PBXNativeTarget;
			buildConfigurationList = 1BAA08CA201731AF00695356 /* Build configuration list for PBXNativeTarget "fotosApp" */;
			buildPhases = (
				1BAA08B4201731AF00695356 /* Sources */,
				1BAA08B5201731AF00695356 /* Frameworks */,
				1BAA08B6201731AF00695356 /* Resources */,
			);
			buildRules = (
			);
			dependencies = (
			);
			name = fotosApp;
			productName = fotosApp;
			productReference = 1BAA08B8201731AF00695356 /* fotosApp.app */;
			productType = "com.apple.product-type.application";
		};
/* End PBXNativeTarget section */

/* Begin PBXProject section */
		1BAA08B0201731AF00695356 /* Project object */ = {
			isa = PBXProject;
			attributes = {
				LastSwiftUpdateCheck = 0830;
				LastUpgradeCheck = 0830;
				ORGANIZATIONNAME = "victor sotelo";
				TargetAttributes = {
					1BAA08B7201731AF00695356 = {
						CreatedOnToolsVersion = 8.3.3;
						ProvisioningStyle = Automatic;
					};
				};
			};
			buildConfigurationList = 1BAA08B3201731AF00695356 /* Build configuration list for PBXProject "fotosApp" */;
			compatibilityVersion = "Xcode 3.2";
			developmentRegion = English;
			hasScannedForEncodings = 0;
			knownRegions = (
				en,
				Base,
			);
			mainGroup = 1BAA08AF201731AF00695356;
			productRefGroup = 1BAA08B9201731AF00695356 /* Products */;
			projectDirPath = "";
			projectRoot = "";
			targets = (
				1BAA08B7201731AF00695356 /* fotosApp */,
			);
		};
/* End PBXProject section */

/* Begin PBXResourcesBuildPhase section */
		1BAA08B6201731AF00695356 /* Resources */ = {
			isa = PBXResourcesBuildPhase;
			buildActionMask = 2147483647;
			files = (
				1BAA08C6201731AF00695356 /* LaunchScreen.storyboard in Resources */,
				1BAA08C3201731AF00695356 /* Assets.xcassets in Resources */,
				1BAA08C1201731AF00695356 /* Main.storyboard in Resources */,
			);
			runOnlyForDeploymentPostprocessing = 0;
		};
/* End PBXResourcesBuildPhase section */

/* Begin PBXSourcesBuildPhase section */
		1BAA08B4201731AF00695356 /* Sources */ = {
			isa = PBXSourcesBuildPhase;
			buildActionMask = 2147483647;
			files = (
				1BAA08CE2017F86B00695356 /* imagesCollectionViewCell.swift in Sources */,
				1BAA08BE201731AF00695356 /* ViewController.swift in Sources */,
				1BAA08BC201731AF00695356 /* AppDelegate.swift in Sources */,
			);
			runOnlyForDeploymentPostprocessing = 0;
		};
/* End PBXSourcesBuildPhase section */

/* Begin PBXVariantGroup section */
		1BAA08BF201731AF00695356 /* Main.storyboard */ = {
			isa = PBXVariantGroup;
			children = (
				1BAA08C0201731AF00695356 /* Base */,
			);
			name = Main.storyboard;
			sourceTree = "<group>";
		};
		1BAA08C4201731AF00695356 /* LaunchScreen.storyboard */ = {
			isa = PBXVariantGroup;
			children = (
				1BAA08C5201731AF00695356 /* Base */,
			);
			name = LaunchScreen.storyboard;
			sourceTree = "<group>";
		};
/* End PBXVariantGroup section */

/* Begin XCBuildConfiguration section */
		1BAA08C8201731AF00695356 /* Debug */ = {
			isa = XCBuildConfiguration;
			buildSettings = {
				ALWAYS_SEARCH_USER_PATHS = NO;
				CLANG_ANALYZER_NONNULL = YES;
				CLANG_ANALYZER_NUMBER_OBJECT_CONVERSION = YES_AGGRESSIVE;
				CLANG_CXX_LANGUAGE_STANDARD = "gnu++0x";
				CLANG_CXX_LIBRARY = "libc++";
				CLANG_ENABLE_MODULES = YES;
				CLANG_ENABLE_OBJC_ARC = YES;
				CLANG_WARN_BOOL_CONVERSION = YES;
				CLANG_WARN_CONSTANT_CONVERSION = YES;
				CLANG_WARN_DIRECT_OBJC_ISA_USAGE = YES_ERROR;
				CLANG_WARN_DOCUMENTATION_COMMENTS = YES;
				CLANG_WARN_EMPTY_BODY = YES;
				CLANG_WARN_ENUM_CONVERSION = YES;
				CLANG_WARN_INFINITE_RECURSION = YES;
				CLANG_WARN_INT_CONVERSION = YES;
				CLANG_WARN_OBJC_ROOT_CLASS = YES_ERROR;
				CLANG_WARN_SUSPICIOUS_MOVE = YES;
				CLANG_WARN_UNREACHABLE_CODE = YES;
				CLANG_WARN__DUPLICATE_METHOD_MATCH = YES;
				"CODE_SIGN_IDENTITY[sdk=iphoneos*]" = "iPhone Developer";
				COPY_PHASE_STRIP = NO;
				DEBUG_INFORMATION_FORMAT = dwarf;
				ENABLE_STRICT_OBJC_MSGSEND = YES;
				ENABLE_TESTABILITY = YES;
				GCC_C_LANGUAGE_STANDARD = gnu99;
				GCC_DYNAMIC_NO_PIC = NO;
				GCC_NO_COMMON_BLOCKS = YES;
				GCC_OPTIMIZATION_LEVEL = 0;
				GCC_PREPROCESSOR_DEFINITIONS = (
					"DEBUG=1",
					"$(inherited)",
				);
				GCC_WARN_64_TO_32_BIT_CONVERSION = YES;
				GCC_WARN_ABOUT_RETURN_TYPE = YES_ERROR;
				GCC_WARN_UNDECLARED_SELECTOR = YES;
				GCC_WARN_UNINITIALIZED_AUTOS = YES_AGGRESSIVE;
				GCC_WARN_UNUSED_FUNCTION = YES;
				GCC_WARN_UNUSED_VARIABLE = YES;
				IPHONEOS_DEPLOYMENT_TARGET = 10.3;
				MTL_ENABLE_DEBUG_INFO = YES;
				ONLY_ACTIVE_ARCH = YES;
				SDKROOT = iphoneos;
				SWIFT_ACTIVE_COMPILATION_CONDITIONS = DEBUG;
				SWIFT_OPTIMIZATION_LEVEL = "-Onone";
				TARGETED_DEVICE_FAMILY = "1,2";
			};
			name = Debug;
		};
		1BAA08C9201731AF00695356 /* Release */ = {
			isa = XCBuildConfiguration;
			buildSettings = {
				ALWAYS_SEARCH_USER_PATHS = NO;
				CLANG_ANALYZER_NONNULL = YES;
				CLANG_ANALYZER_NUMBER_OBJECT_CONVERSION = YES_AGGRESSIVE;
				CLANG_CXX_LANGUAGE_STANDARD = "gnu++0x";
				CLANG_CXX_LIBRARY = "libc++";
				CLANG_ENABLE_MODULES = YES;
				CLANG_ENABLE_OBJC_ARC = YES;
				CLANG_WARN_BOOL_CONVERSION = YES;
				CLANG_WARN_CONSTANT_CONVERSION = YES;
				CLANG_WARN_DIRECT_OBJC_ISA_USAGE = YES_ERROR;
				CLANG_WARN_DOCUMENTATION_COMMENTS = YES;
				CLANG_WARN_EMPTY_BODY = YES;
				CLANG_WARN_ENUM_CONVERSION = YES;
				CLANG_WARN_INFINITE_RECURSION = YES;
				CLANG_WARN_INT_CONVERSION = YES;
				CLANG_WARN_OBJC_ROOT_CLASS = YES_ERROR;
				CLANG_WARN_SUSPICIOUS_MOVE = YES;
				CLANG_WARN_UNREACHABLE_CODE = YES;
				CLANG_WARN__DUPLICATE_METHOD_MATCH = YES;
				"CODE_SIGN_IDENTITY[sdk=iphoneos*]" = "iPhone Developer";
				COPY_PHASE_STRIP = NO;
				DEBUG_INFORMATION_FORMAT = "dwarf-with-dsym";
				ENABLE_NS_ASSERTIONS = NO;
				ENABLE_STRICT_OBJC_MSGSEND = YES;
				GCC_C_LANGUAGE_STANDARD = gnu99;
				GCC_NO_COMMON_BLOCKS = YES;
				GCC_WARN_64_TO_32_BIT_CONVERSION = YES;
				GCC_WARN_ABOUT_RETURN_TYPE = YES_ERROR;
				GCC_WARN_UNDECLARED_SELECTOR = YES;
				GCC_WARN_UNINITIALIZED_AUTOS = YES_AGGRESSIVE;
				GCC_WARN_UNUSED_FUNCTION = YES;
				GCC_WARN_UNUSED_VARIABLE = YES;
				IPHONEOS_DEPLOYMENT_TARGET = 10.3;
				MTL_ENABLE_DEBUG_INFO = NO;
				SDKROOT = iphoneos;
				SWIFT_OPTIMIZATION_LEVEL = "-Owholemodule";
				TARGETED_DEVICE_FAMILY = "1,2";
				VALIDATE_PRODUCT = YES;
			};
			name = Release;
		};
		1BAA08CB201731AF00695356 /* Debug */ = {
			isa = XCBuildConfiguration;
			buildSettings = {
				ASSETCATALOG_COMPILER_APPICON_NAME = AppIcon;
				INFOPLIST_FILE = fotosApp/Info.plist;
				LD_RUNPATH_SEARCH_PATHS = "$(inherited) @executable_path/Frameworks";
				PRODUCT_BUNDLE_IDENTIFIER = com.victor2.fotosApp;
				PRODUCT_NAME = "$(TARGET_NAME)";
				SWIFT_VERSION = 3.0;
			};
			name = Debug;
		};
		1BAA08CC201731AF00695356 /* Release */ = {
			isa = XCBuildConfiguration;
			buildSettings = {
				ASSETCATALOG_COMPILER_APPICON_NAME = AppIcon;
				INFOPLIST_FILE = fotosApp/Info.plist;
				LD_RUNPATH_SEARCH_PATHS = "$(inherited) @executable_path/Frameworks";
				PRODUCT_BUNDLE_IDENTIFIER = com.victor2.fotosApp;
				PRODUCT_NAME = "$(TARGET_NAME)";
				SWIFT_VERSION = 3.0;
			};
			name = Release;
		};
/* End XCBuildConfiguration section */

/* Begin XCConfigurationList section */
		1BAA08B3201731AF00695356 /* Build configuration list for PBXProject "fotosApp" */ = {
			isa = XCConfigurationList;
			buildConfigurations = (
				1BAA08C8201731AF00695356 /* Debug */,
				1BAA08C9201731AF00695356 /* Release */,
			);
			defaultConfigurationIsVisible = 0;
			defaultConfigurationName = Release;
		};
		1BAA08CA201731AF00695356 /* Build configuration list for PBXNativeTarget "fotosApp" */ = {
			isa = XCConfigurationList;
			buildConfigurations = (
				1BAA08CB201731AF00695356 /* Debug */,
				1BAA08CC201731AF00695356 /* Release */,
			);
			defaultConfigurationIsVisible = 0;
		};
/* End XCConfigurationList section */
	};
	rootObject = 1BAA08B0201731AF00695356 /* Project object */;
}
